
Microsoft Visual Studio Solution File, Format Version 12.00
# Visual Studio Version 16
VisualStudioVersion = 16.0.32002.261
MinimumVisualStudioVersion = 10.0.40219.1
Project("{FAE04EC0-301F-11D3-BF4B-00C04F79EFBC}") = "AWSElasticSearch", "AWSElasticSearch\AWSElasticSearch.csproj", "{CF5FCA25-F88D-4AD9-BFEB-D382F7A593E8}"
EndProject
Project("{FAE04EC0-301F-11D3-BF4B-00C04F79EFBC}") = "Model", "Model\Model.csproj", "{B6237512-AB25-4FB7-ACC4-E5764486E95C}"
EndProject
Project("{FAE04EC0-301F-11D3-BF4B-00C04F79EFBC}") = "Core", "Core\Core.csproj", "{17F63C51-C47A-4F9A-97E1-DCBF21E23794}"
EndProject
Global
	GlobalSection(SolutionConfigurationPlatforms) = preSolution
		Debug|Any CPU = Debug|Any CPU
		Release|Any CPU = Release|Any CPU
	EndGlobalSection
	GlobalSection(ProjectConfigurationPlatforms) = postSolution
		{CF5FCA25-F88D-4AD9-BFEB-D382F7A593E8}.Debug|Any CPU.ActiveCfg = Debug|Any CPU
		{CF5FCA25-F88D-4AD9-BFEB-D382F7A593E8}.Debug|Any CPU.Build.0 = Debug|Any CPU
		{CF5FCA25-F88D-4AD9-BFEB-D382F7A593E8}.Release|Any CPU.ActiveCfg = Release|Any CPU
		{CF5FCA25-F88D-4AD9-BFEB-D382F7A593E8}.Release|Any CPU.Build.0 = Release|Any CPU
		{B6237512-AB25-4FB7-ACC4-E5764486E95C}.Debug|Any CPU.ActiveCfg = Debug|Any CPU
		{B6237512-AB25-4FB7-ACC4-E5764486E95C}.Debug|Any CPU.Build.0 = Debug|Any CPU
		{B6237512-AB25-4FB7-ACC4-E5764486E95C}.Release|Any CPU.ActiveCfg = Release|Any CPU
		{B6237512-AB25-4FB7-ACC4-E5764486E95C}.Release|Any CPU.Build.0 = Release|Any CPU
		{17F63C51-C47A-4F9A-97E1-DCBF21E23794}.Debug|Any CPU.ActiveCfg = Debug|Any CPU
		{17F63C51-C47A-4F9A-97E1-DCBF21E23794}.Debug|Any CPU.Build.0 = Debug|Any CPU
		{17F63C51-C47A-4F9A-97E1-DCBF21E23794}.Release|Any CPU.ActiveCfg = Release|Any CPU
		{17F63C51-C47A-4F9A-97E1-DCBF21E23794}.Release|Any CPU.Build.0 = Release|Any CPU
	EndGlobalSection
	GlobalSection(SolutionProperties) = preSolution
		HideSolutionNode = FALSE
	EndGlobalSection
	GlobalSection(ExtensibilityGlobals) = postSolution
		SolutionGuid = {84294435-6CAB-4BD9-9E35-FEE4C7AE9140}
	EndGlobalSection
EndGlobal
